// !$*UTF8*$!
{
	archiveVersion = 1;
	classes = {
	};
	objectVersion = 46;
	objects = {

/* Begin PBXBuildFile section */
		2C26BEA11BD0BC3F00F577DE /* AppDelegate.swift in Sources */ = {isa = PBXBuildFile; fileRef = 2C26BEA01BD0BC3F00F577DE /* AppDelegate.swift */; };
		2C26BEA31BD0BC3F00F577DE /* ViewController.swift in Sources */ = {isa = PBXBuildFile; fileRef = 2C26BEA21BD0BC3F00F577DE /* ViewController.swift */; };
		2C26BEA91BD0BC3F00F577DE /* goo.xcdatamodeld in Sources */ = {isa = PBXBuildFile; fileRef = 2C26BEA71BD0BC3F00F577DE /* goo.xcdatamodeld */; };
		2C26BEAB1BD0BC3F00F577DE /* Assets.xcassets in Resources */ = {isa = PBXBuildFile; fileRef = 2C26BEAA1BD0BC3F00F577DE /* Assets.xcassets */; };
		2C26BEB91BD0BC3F00F577DE /* gooTests.swift in Sources */ = {isa = PBXBuildFile; fileRef = 2C26BEB81BD0BC3F00F577DE /* gooTests.swift */; };
		2C26BEC41BD0BC3F00F577DE /* gooUITests.swift in Sources */ = {isa = PBXBuildFile; fileRef = 2C26BEC31BD0BC3F00F577DE /* gooUITests.swift */; };
		2C2963C31BDA05D300F0DC42 /* WKWebViewController.swift in Sources */ = {isa = PBXBuildFile; fileRef = 2C2963C21BDA05D300F0DC42 /* WKWebViewController.swift */; settings = {ASSET_TAGS = (); }; };
		2C2963C51BDBDB2D00F0DC42 /* WebKit.framework in Frameworks */ = {isa = PBXBuildFile; fileRef = 2C2963C41BDBDB2D00F0DC42 /* WebKit.framework */; };
		2C2963C71BDBE22A00F0DC42 /* DatePickerViewController.swift in Sources */ = {isa = PBXBuildFile; fileRef = 2C2963C61BDBE22A00F0DC42 /* DatePickerViewController.swift */; settings = {ASSET_TAGS = (); }; };
		2C2D0E3A1BE6CC560020F29E /* NSNotificationCenterViewController.swift in Sources */ = {isa = PBXBuildFile; fileRef = 2C2D0E391BE6CC560020F29E /* NSNotificationCenterViewController.swift */; settings = {ASSET_TAGS = (); }; };
		2C2D0E3C1BE6CF2C0020F29E /* CLLocationManagerViewController.swift in Sources */ = {isa = PBXBuildFile; fileRef = 2C2D0E3B1BE6CF2C0020F29E /* CLLocationManagerViewController.swift */; settings = {ASSET_TAGS = (); }; };
		2C2D0E401BE6D6E60020F29E /* CoreImageViewController.swift in Sources */ = {isa = PBXBuildFile; fileRef = 2C2D0E3F1BE6D6E60020F29E /* CoreImageViewController.swift */; settings = {ASSET_TAGS = (); }; };
		2C2D0E451BE794FF0020F29E /* libsqlite3.tbd in Frameworks */ = {isa = PBXBuildFile; fileRef = 2C2D0E441BE794FF0020F29E /* libsqlite3.tbd */; };
		2C48F1A11BD75F560055102A /* Default-568h@2x.png in Resources */ = {isa = PBXBuildFile; fileRef = 2C48F1A01BD75F560055102A /* Default-568h@2x.png */; settings = {ASSET_TAGS = (); }; };
		2C48F1E01BD772130055102A /* TutorialViewController.swift in Sources */ = {isa = PBXBuildFile; fileRef = 2C48F1DF1BD772130055102A /* TutorialViewController.swift */; settings = {ASSET_TAGS = (); }; };
		2C48F1E71BD77E6B0055102A /* SlideViewController.swift in Sources */ = {isa = PBXBuildFile; fileRef = 2C48F1E61BD77E6B0055102A /* SlideViewController.swift */; settings = {ASSET_TAGS = (); }; };
		2C48F1E91BD787CE0055102A /* ZoomViewController.swift in Sources */ = {isa = PBXBuildFile; fileRef = 2C48F1E81BD787CE0055102A /* ZoomViewController.swift */; settings = {ASSET_TAGS = (); }; };
		2C48F1EB1BD789E20055102A /* ToolbarViewController.swift in Sources */ = {isa = PBXBuildFile; fileRef = 2C48F1EA1BD789E20055102A /* ToolbarViewController.swift */; settings = {ASSET_TAGS = (); }; };
		2C48F1ED1BD78E480055102A /* AlertViewController.swift in Sources */ = {isa = PBXBuildFile; fileRef = 2C48F1EC1BD78E480055102A /* AlertViewController.swift */; settings = {ASSET_TAGS = (); }; };
		2C48F1EF1BD7C3320055102A /* LaodingProxy.swift in Sources */ = {isa = PBXBuildFile; fileRef = 2C48F1EE1BD7C3320055102A /* LaodingProxy.swift */; settings = {ASSET_TAGS = (); }; };
		2C48F1F11BD7C6060055102A /* WebViewController.swift in Sources */ = {isa = PBXBuildFile; fileRef = 2C48F1F01BD7C6060055102A /* WebViewController.swift */; settings = {ASSET_TAGS = (); }; };
		2C76BFEF1BE96FC3007FA753 /* TestUIViewController.swift in Sources */ = {isa = PBXBuildFile; fileRef = 2C76BFEE1BE96FC3007FA753 /* TestUIViewController.swift */; settings = {ASSET_TAGS = (); }; };
		2C76BFF11BE97192007FA753 /* AViewController.swift in Sources */ = {isa = PBXBuildFile; fileRef = 2C76BFF01BE97192007FA753 /* AViewController.swift */; settings = {ASSET_TAGS = (); }; };
		2C76BFF31BE9720F007FA753 /* BViewController.swift in Sources */ = {isa = PBXBuildFile; fileRef = 2C76BFF21BE9720F007FA753 /* BViewController.swift */; settings = {ASSET_TAGS = (); }; };
		2C76BFF61BE9A715007FA753 /* RSSViewController.swift in Sources */ = {isa = PBXBuildFile; fileRef = 2C76BFF51BE9A715007FA753 /* RSSViewController.swift */; settings = {ASSET_TAGS = (); }; };
		2C76BFF91BE9B8BC007FA753 /* ZipViewController.swift in Sources */ = {isa = PBXBuildFile; fileRef = 2C76BFF81BE9B8BC007FA753 /* ZipViewController.swift */; settings = {ASSET_TAGS = (); }; };
		2C76BFFB1BE9BD80007FA753 /* AutoLayoutViewController.swift in Sources */ = {isa = PBXBuildFile; fileRef = 2C76BFFA1BE9BD80007FA753 /* AutoLayoutViewController.swift */; settings = {ASSET_TAGS = (); }; };
		2C76BFFE1BE9E937007FA753 /* LocalNotificationViewController.swift in Sources */ = {isa = PBXBuildFile; fileRef = 2C76BFFD1BE9E937007FA753 /* LocalNotificationViewController.swift */; settings = {ASSET_TAGS = (); }; };
		2C909F521BEC9C0E00007B1C /* ProcessSpeedCheckUIViewController.swift in Sources */ = {isa = PBXBuildFile; fileRef = 2C909F511BEC9C0E00007B1C /* ProcessSpeedCheckUIViewController.swift */; settings = {ASSET_TAGS = (); }; };
		2C909F541BEC9C9A00007B1C /* ProcessSpeedCheck.swift in Sources */ = {isa = PBXBuildFile; fileRef = 2C909F531BEC9C9A00007B1C /* ProcessSpeedCheck.swift */; settings = {ASSET_TAGS = (); }; };
		2C909F561BEC9D6C00007B1C /* NSUserDefaultUtil.swift in Sources */ = {isa = PBXBuildFile; fileRef = 2C909F551BEC9D6C00007B1C /* NSUserDefaultUtil.swift */; settings = {ASSET_TAGS = (); }; };
		2CB5EAB71BE1EA6C007CDF38 /* MainTabViewController.swift in Sources */ = {isa = PBXBuildFile; fileRef = 2CB5EAB61BE1EA6C007CDF38 /* MainTabViewController.swift */; settings = {ASSET_TAGS = (); }; };
		2CB5EAB91BE1EA9D007CDF38 /* FirstViewController.swift in Sources */ = {isa = PBXBuildFile; fileRef = 2CB5EAB81BE1EA9D007CDF38 /* FirstViewController.swift */; settings = {ASSET_TAGS = (); }; };
		2CB5EABC1BE1EAB4007CDF38 /* SecondViewController.swift in Sources */ = {isa = PBXBuildFile; fileRef = 2CB5EABB1BE1EAB4007CDF38 /* SecondViewController.swift */; settings = {ASSET_TAGS = (); }; };
		2CB5EABE1BE1F84E007CDF38 /* UITabBarViewController.swift in Sources */ = {isa = PBXBuildFile; fileRef = 2CB5EABD1BE1F84E007CDF38 /* UITabBarViewController.swift */; settings = {ASSET_TAGS = (); }; };
		2CB5EAC01BE2072F007CDF38 /* NSTimerViewController.swift in Sources */ = {isa = PBXBuildFile; fileRef = 2CB5EABF1BE2072F007CDF38 /* NSTimerViewController.swift */; settings = {ASSET_TAGS = (); }; };
		2CB5EAC21BE208CB007CDF38 /* NSThreadViewController.swift in Sources */ = {isa = PBXBuildFile; fileRef = 2CB5EAC11BE208CB007CDF38 /* NSThreadViewController.swift */; settings = {ASSET_TAGS = (); }; };
		2CD4543C1BE346FB00D18DB0 /* MyTextView.swift in Sources */ = {isa = PBXBuildFile; fileRef = 2CD4543B1BE346FB00D18DB0 /* MyTextView.swift */; settings = {ASSET_TAGS = (); }; };
		2CD4543E1BE3488200D18DB0 /* NSDataSample.swift in Sources */ = {isa = PBXBuildFile; fileRef = 2CD4543D1BE3488200D18DB0 /* NSDataSample.swift */; settings = {ASSET_TAGS = (); }; };
		2CD454411BE34E5100D18DB0 /* NSURLViewController.swift in Sources */ = {isa = PBXBuildFile; fileRef = 2CD454401BE34E5100D18DB0 /* NSURLViewController.swift */; settings = {ASSET_TAGS = (); }; };
		2CD454431BE3502400D18DB0 /* NSURLConnectionViewController.swift in Sources */ = {isa = PBXBuildFile; fileRef = 2CD454421BE3502400D18DB0 /* NSURLConnectionViewController.swift */; settings = {ASSET_TAGS = (); }; };
		2CD454451BE3563900D18DB0 /* NSURLConnectPostViewController.swift in Sources */ = {isa = PBXBuildFile; fileRef = 2CD454441BE3563900D18DB0 /* NSURLConnectPostViewController.swift */; settings = {ASSET_TAGS = (); }; };
		2CD454471BE357A800D18DB0 /* NSURLJSONPOST.swift in Sources */ = {isa = PBXBuildFile; fileRef = 2CD454461BE357A800D18DB0 /* NSURLJSONPOST.swift */; settings = {ASSET_TAGS = (); }; };
		2CD454491BE35D9300D18DB0 /* NSURLSessionViewController.swift in Sources */ = {isa = PBXBuildFile; fileRef = 2CD454481BE35D9300D18DB0 /* NSURLSessionViewController.swift */; settings = {ASSET_TAGS = (); }; };
		2CD4544C1BE35EF500D18DB0 /* NSFileManagerViewController.swift in Sources */ = {isa = PBXBuildFile; fileRef = 2CD4544B1BE35EF500D18DB0 /* NSFileManagerViewController.swift */; settings = {ASSET_TAGS = (); }; };
		2CD4544E1BE372D300D18DB0 /* NSArrayViewController.swift in Sources */ = {isa = PBXBuildFile; fileRef = 2CD4544D1BE372D300D18DB0 /* NSArrayViewController.swift */; settings = {ASSET_TAGS = (); }; };
		2CDE63CD1BE094E8008DA6B1 /* iphone6.jpg in Resources */ = {isa = PBXBuildFile; fileRef = 2CDE63CC1BE094E8008DA6B1 /* iphone6.jpg */; settings = {ASSET_TAGS = (); }; };
		2CDE63CF1BE096A8008DA6B1 /* UIPickerViewController.swift in Sources */ = {isa = PBXBuildFile; fileRef = 2CDE63CE1BE096A7008DA6B1 /* UIPickerViewController.swift */; settings = {ASSET_TAGS = (); }; };
		2CDE63D11BE0A7A7008DA6B1 /* UIProgressViewController.swift in Sources */ = {isa = PBXBuildFile; fileRef = 2CDE63D01BE0A7A7008DA6B1 /* UIProgressViewController.swift */; settings = {ASSET_TAGS = (); }; };
		2CDE63D31BE0A958008DA6B1 /* UISearchBarViewController.swift in Sources */ = {isa = PBXBuildFile; fileRef = 2CDE63D21BE0A958008DA6B1 /* UISearchBarViewController.swift */; settings = {ASSET_TAGS = (); }; };
		2CDE63D51BE0AAE4008DA6B1 /* UISliderViewController.swift in Sources */ = {isa = PBXBuildFile; fileRef = 2CDE63D41BE0AAE4008DA6B1 /* UISliderViewController.swift */; settings = {ASSET_TAGS = (); }; };
		2CDE63D71BE0AB7E008DA6B1 /* UITableViewController.swift in Sources */ = {isa = PBXBuildFile; fileRef = 2CDE63D61BE0AB7E008DA6B1 /* UITableViewController.swift */; settings = {ASSET_TAGS = (); }; };
		2CDE63DB1BE0B93A008DA6B1 /* CustomTableViewCell.swift in Sources */ = {isa = PBXBuildFile; fileRef = 2CDE63DA1BE0B93A008DA6B1 /* CustomTableViewCell.swift */; settings = {ASSET_TAGS = (); }; };
		2CDE63DD1BE0BC2C008DA6B1 /* UICollectionViewController.swift in Sources */ = {isa = PBXBuildFile; fileRef = 2CDE63DC1BE0BC2C008DA6B1 /* UICollectionViewController.swift */; settings = {ASSET_TAGS = (); }; };
/* End PBXBuildFile section */

/* Begin PBXContainerItemProxy section */
		2C26BEB51BD0BC3F00F577DE /* PBXContainerItemProxy */ = {
			isa = PBXContainerItemProxy;
			containerPortal = 2C26BE951BD0BC3F00F577DE /* Project object */;
			proxyType = 1;
			remoteGlobalIDString = 2C26BE9C1BD0BC3F00F577DE;
			remoteInfo = goo;
		};
		2C26BEC01BD0BC3F00F577DE /* PBXContainerItemProxy */ = {
			isa = PBXContainerItemProxy;
			containerPortal = 2C26BE951BD0BC3F00F577DE /* Project object */;
			proxyType = 1;
			remoteGlobalIDString = 2C26BE9C1BD0BC3F00F577DE;
			remoteInfo = goo;
		};
/* End PBXContainerItemProxy section */

/* Begin PBXFileReference section */
		2C26BE9D1BD0BC3F00F577DE /* goo.app */ = {isa = PBXFileReference; explicitFileType = wrapper.application; includeInIndex = 0; path = goo.app; sourceTree = BUILT_PRODUCTS_DIR; };
		2C26BEA01BD0BC3F00F577DE /* AppDelegate.swift */ = {isa = PBXFileReference; lastKnownFileType = sourcecode.swift; path = AppDelegate.swift; sourceTree = "<group>"; };
		2C26BEA21BD0BC3F00F577DE /* ViewController.swift */ = {isa = PBXFileReference; lastKnownFileType = sourcecode.swift; path = ViewController.swift; sourceTree = "<group>"; };
		2C26BEA81BD0BC3F00F577DE /* goo.xcdatamodel */ = {isa = PBXFileReference; lastKnownFileType = wrapper.xcdatamodel; path = goo.xcdatamodel; sourceTree = "<group>"; };
		2C26BEAA1BD0BC3F00F577DE /* Assets.xcassets */ = {isa = PBXFileReference; lastKnownFileType = folder.assetcatalog; path = Assets.xcassets; sourceTree = "<group>"; };
		2C26BEAF1BD0BC3F00F577DE /* Info.plist */ = {isa = PBXFileReference; lastKnownFileType = text.plist.xml; path = Info.plist; sourceTree = "<group>"; };
		2C26BEB41BD0BC3F00F577DE /* gooTests.xctest */ = {isa = PBXFileReference; explicitFileType = wrapper.cfbundle; includeInIndex = 0; path = gooTests.xctest; sourceTree = BUILT_PRODUCTS_DIR; };
		2C26BEB81BD0BC3F00F577DE /* gooTests.swift */ = {isa = PBXFileReference; lastKnownFileType = sourcecode.swift; path = gooTests.swift; sourceTree = "<group>"; };
		2C26BEBA1BD0BC3F00F577DE /* Info.plist */ = {isa = PBXFileReference; lastKnownFileType = text.plist.xml; path = Info.plist; sourceTree = "<group>"; };
		2C26BEBF1BD0BC3F00F577DE /* gooUITests.xctest */ = {isa = PBXFileReference; explicitFileType = wrapper.cfbundle; includeInIndex = 0; path = gooUITests.xctest; sourceTree = BUILT_PRODUCTS_DIR; };
		2C26BEC31BD0BC3F00F577DE /* gooUITests.swift */ = {isa = PBXFileReference; lastKnownFileType = sourcecode.swift; path = gooUITests.swift; sourceTree = "<group>"; };
		2C26BEC51BD0BC3F00F577DE /* Info.plist */ = {isa = PBXFileReference; lastKnownFileType = text.plist.xml; path = Info.plist; sourceTree = "<group>"; };
		2C2963C21BDA05D300F0DC42 /* WKWebViewController.swift */ = {isa = PBXFileReference; fileEncoding = 4; lastKnownFileType = sourcecode.swift; path = WKWebViewController.swift; sourceTree = "<group>"; };
		2C2963C41BDBDB2D00F0DC42 /* WebKit.framework */ = {isa = PBXFileReference; lastKnownFileType = wrapper.framework; name = WebKit.framework; path = System/Library/Frameworks/WebKit.framework; sourceTree = SDKROOT; };
		2C2963C61BDBE22A00F0DC42 /* DatePickerViewController.swift */ = {isa = PBXFileReference; fileEncoding = 4; lastKnownFileType = sourcecode.swift; path = DatePickerViewController.swift; sourceTree = "<group>"; };
		2C2D0E391BE6CC560020F29E /* NSNotificationCenterViewController.swift */ = {isa = PBXFileReference; fileEncoding = 4; lastKnownFileType = sourcecode.swift; path = NSNotificationCenterViewController.swift; sourceTree = "<group>"; };
		2C2D0E3B1BE6CF2C0020F29E /* CLLocationManagerViewController.swift */ = {isa = PBXFileReference; fileEncoding = 4; lastKnownFileType = sourcecode.swift; path = CLLocationManagerViewController.swift; sourceTree = "<group>"; };
		2C2D0E3F1BE6D6E60020F29E /* CoreImageViewController.swift */ = {isa = PBXFileReference; fileEncoding = 4; lastKnownFileType = sourcecode.swift; path = CoreImageViewController.swift; sourceTree = "<group>"; };
		2C2D0E441BE794FF0020F29E /* libsqlite3.tbd */ = {isa = PBXFileReference; lastKnownFileType = "sourcecode.text-based-dylib-definition"; name = libsqlite3.tbd; path = usr/lib/libsqlite3.tbd; sourceTree = SDKROOT; };
		2C48F1A01BD75F560055102A /* Default-568h@2x.png */ = {isa = PBXFileReference; lastKnownFileType = image.png; path = "Default-568h@2x.png"; sourceTree = "<group>"; };
		2C48F1DF1BD772130055102A /* TutorialViewController.swift */ = {isa = PBXFileReference; fileEncoding = 4; lastKnownFileType = sourcecode.swift; path = TutorialViewController.swift; sourceTree = "<group>"; };
		2C48F1E61BD77E6B0055102A /* SlideViewController.swift */ = {isa = PBXFileReference; fileEncoding = 4; lastKnownFileType = sourcecode.swift; path = SlideViewController.swift; sourceTree = "<group>"; };
		2C48F1E81BD787CE0055102A /* ZoomViewController.swift */ = {isa = PBXFileReference; fileEncoding = 4; lastKnownFileType = sourcecode.swift; path = ZoomViewController.swift; sourceTree = "<group>"; };
		2C48F1EA1BD789E20055102A /* ToolbarViewController.swift */ = {isa = PBXFileReference; fileEncoding = 4; lastKnownFileType = sourcecode.swift; path = ToolbarViewController.swift; sourceTree = "<group>"; };
		2C48F1EC1BD78E480055102A /* AlertViewController.swift */ = {isa = PBXFileReference; fileEncoding = 4; lastKnownFileType = sourcecode.swift; path = AlertViewController.swift; sourceTree = "<group>"; };
		2C48F1EE1BD7C3320055102A /* LaodingProxy.swift */ = {isa = PBXFileReference; fileEncoding = 4; lastKnownFileType = sourcecode.swift; path = LaodingProxy.swift; sourceTree = "<group>"; };
		2C48F1F01BD7C6060055102A /* WebViewController.swift */ = {isa = PBXFileReference; fileEncoding = 4; lastKnownFileType = sourcecode.swift; path = WebViewController.swift; sourceTree = "<group>"; };
		2C76BFEE1BE96FC3007FA753 /* TestUIViewController.swift */ = {isa = PBXFileReference; fileEncoding = 4; lastKnownFileType = sourcecode.swift; path = TestUIViewController.swift; sourceTree = "<group>"; };
		2C76BFF01BE97192007FA753 /* AViewController.swift */ = {isa = PBXFileReference; fileEncoding = 4; lastKnownFileType = sourcecode.swift; path = AViewController.swift; sourceTree = "<group>"; };
		2C76BFF21BE9720F007FA753 /* BViewController.swift */ = {isa = PBXFileReference; fileEncoding = 4; lastKnownFileType = sourcecode.swift; path = BViewController.swift; sourceTree = "<group>"; };
		2C76BFF51BE9A715007FA753 /* RSSViewController.swift */ = {isa = PBXFileReference; fileEncoding = 4; lastKnownFileType = sourcecode.swift; path = RSSViewController.swift; sourceTree = "<group>"; };
		2C76BFF81BE9B8BC007FA753 /* ZipViewController.swift */ = {isa = PBXFileReference; fileEncoding = 4; lastKnownFileType = sourcecode.swift; path = ZipViewController.swift; sourceTree = "<group>"; };
		2C76BFFA1BE9BD80007FA753 /* AutoLayoutViewController.swift */ = {isa = PBXFileReference; fileEncoding = 4; lastKnownFileType = sourcecode.swift; path = AutoLayoutViewController.swift; sourceTree = "<group>"; };
		2C76BFFD1BE9E937007FA753 /* LocalNotificationViewController.swift */ = {isa = PBXFileReference; fileEncoding = 4; lastKnownFileType = sourcecode.swift; path = LocalNotificationViewController.swift; sourceTree = "<group>"; };
		2C909F511BEC9C0E00007B1C /* ProcessSpeedCheckUIViewController.swift */ = {isa = PBXFileReference; fileEncoding = 4; lastKnownFileType = sourcecode.swift; path = ProcessSpeedCheckUIViewController.swift; sourceTree = "<group>"; };
		2C909F531BEC9C9A00007B1C /* ProcessSpeedCheck.swift */ = {isa = PBXFileReference; fileEncoding = 4; lastKnownFileType = sourcecode.swift; path = ProcessSpeedCheck.swift; sourceTree = "<group>"; };
		2C909F551BEC9D6C00007B1C /* NSUserDefaultUtil.swift */ = {isa = PBXFileReference; fileEncoding = 4; lastKnownFileType = sourcecode.swift; path = NSUserDefaultUtil.swift; sourceTree = "<group>"; };
		2CB5EAB61BE1EA6C007CDF38 /* MainTabViewController.swift */ = {isa = PBXFileReference; fileEncoding = 4; lastKnownFileType = sourcecode.swift; path = MainTabViewController.swift; sourceTree = "<group>"; };
		2CB5EAB81BE1EA9D007CDF38 /* FirstViewController.swift */ = {isa = PBXFileReference; fileEncoding = 4; lastKnownFileType = sourcecode.swift; path = FirstViewController.swift; sourceTree = "<group>"; };
		2CB5EABB1BE1EAB4007CDF38 /* SecondViewController.swift */ = {isa = PBXFileReference; fileEncoding = 4; lastKnownFileType = sourcecode.swift; path = SecondViewController.swift; sourceTree = "<group>"; };
		2CB5EABD1BE1F84E007CDF38 /* UITabBarViewController.swift */ = {isa = PBXFileReference; fileEncoding = 4; lastKnownFileType = sourcecode.swift; path = UITabBarViewController.swift; sourceTree = "<group>"; };
		2CB5EABF1BE2072F007CDF38 /* NSTimerViewController.swift */ = {isa = PBXFileReference; fileEncoding = 4; lastKnownFileType = sourcecode.swift; path = NSTimerViewController.swift; sourceTree = "<group>"; };
		2CB5EAC11BE208CB007CDF38 /* NSThreadViewController.swift */ = {isa = PBXFileReference; fileEncoding = 4; lastKnownFileType = sourcecode.swift; path = NSThreadViewController.swift; sourceTree = "<group>"; };
		2CD4543B1BE346FB00D18DB0 /* MyTextView.swift */ = {isa = PBXFileReference; fileEncoding = 4; lastKnownFileType = sourcecode.swift; path = MyTextView.swift; sourceTree = "<group>"; };
		2CD4543D1BE3488200D18DB0 /* NSDataSample.swift */ = {isa = PBXFileReference; fileEncoding = 4; lastKnownFileType = sourcecode.swift; path = NSDataSample.swift; sourceTree = "<group>"; };
		2CD454401BE34E5100D18DB0 /* NSURLViewController.swift */ = {isa = PBXFileReference; fileEncoding = 4; lastKnownFileType = sourcecode.swift; path = NSURLViewController.swift; sourceTree = "<group>"; };
		2CD454421BE3502400D18DB0 /* NSURLConnectionViewController.swift */ = {isa = PBXFileReference; fileEncoding = 4; lastKnownFileType = sourcecode.swift; path = NSURLConnectionViewController.swift; sourceTree = "<group>"; };
		2CD454441BE3563900D18DB0 /* NSURLConnectPostViewController.swift */ = {isa = PBXFileReference; fileEncoding = 4; lastKnownFileType = sourcecode.swift; path = NSURLConnectPostViewController.swift; sourceTree = "<group>"; };
		2CD454461BE357A800D18DB0 /* NSURLJSONPOST.swift */ = {isa = PBXFileReference; fileEncoding = 4; lastKnownFileType = sourcecode.swift; path = NSURLJSONPOST.swift; sourceTree = "<group>"; };
		2CD454481BE35D9300D18DB0 /* NSURLSessionViewController.swift */ = {isa = PBXFileReference; fileEncoding = 4; lastKnownFileType = sourcecode.swift; path = NSURLSessionViewController.swift; sourceTree = "<group>"; };
		2CD4544B1BE35EF500D18DB0 /* NSFileManagerViewController.swift */ = {isa = PBXFileReference; fileEncoding = 4; lastKnownFileType = sourcecode.swift; path = NSFileManagerViewController.swift; sourceTree = "<group>"; };
		2CD4544D1BE372D300D18DB0 /* NSArrayViewController.swift */ = {isa = PBXFileReference; fileEncoding = 4; lastKnownFileType = sourcecode.swift; path = NSArrayViewController.swift; sourceTree = "<group>"; };
		2CDE63CC1BE094E8008DA6B1 /* iphone6.jpg */ = {isa = PBXFileReference; lastKnownFileType = image.jpeg; path = iphone6.jpg; sourceTree = SOURCE_ROOT; };
		2CDE63CE1BE096A7008DA6B1 /* UIPickerViewController.swift */ = {isa = PBXFileReference; fileEncoding = 4; lastKnownFileType = sourcecode.swift; path = UIPickerViewController.swift; sourceTree = "<group>"; };
		2CDE63D01BE0A7A7008DA6B1 /* UIProgressViewController.swift */ = {isa = PBXFileReference; fileEncoding = 4; lastKnownFileType = sourcecode.swift; path = UIProgressViewController.swift; sourceTree = "<group>"; };
		2CDE63D21BE0A958008DA6B1 /* UISearchBarViewController.swift */ = {isa = PBXFileReference; fileEncoding = 4; lastKnownFileType = sourcecode.swift; path = UISearchBarViewController.swift; sourceTree = "<group>"; };
		2CDE63D41BE0AAE4008DA6B1 /* UISliderViewController.swift */ = {isa = PBXFileReference; fileEncoding = 4; lastKnownFileType = sourcecode.swift; path = UISliderViewController.swift; sourceTree = "<group>"; };
		2CDE63D61BE0AB7E008DA6B1 /* UITableViewController.swift */ = {isa = PBXFileReference; fileEncoding = 4; lastKnownFileType = sourcecode.swift; path = UITableViewController.swift; sourceTree = "<group>"; };
		2CDE63DA1BE0B93A008DA6B1 /* CustomTableViewCell.swift */ = {isa = PBXFileReference; fileEncoding = 4; lastKnownFileType = sourcecode.swift; path = CustomTableViewCell.swift; sourceTree = "<group>"; };
		2CDE63DC1BE0BC2C008DA6B1 /* UICollectionViewController.swift */ = {isa = PBXFileReference; fileEncoding = 4; lastKnownFileType = sourcecode.swift; path = UICollectionViewController.swift; sourceTree = "<group>"; };
/* End PBXFileReference section */

/* Begin PBXFrameworksBuildPhase section */
		2C26BE9A1BD0BC3F00F577DE /* Frameworks */ = {
			isa = PBXFrameworksBuildPhase;
			buildActionMask = 2147483647;
			files = (
				2C2D0E451BE794FF0020F29E /* libsqlite3.tbd in Frameworks */,
				2C2963C51BDBDB2D00F0DC42 /* WebKit.framework in Frameworks */,
			);
			runOnlyForDeploymentPostprocessing = 0;
		};
		2C26BEB11BD0BC3F00F577DE /* Frameworks */ = {
			isa = PBXFrameworksBuildPhase;
			buildActionMask = 2147483647;
			files = (
			);
			runOnlyForDeploymentPostprocessing = 0;
		};
		2C26BEBC1BD0BC3F00F577DE /* Frameworks */ = {
			isa = PBXFrameworksBuildPhase;
			buildActionMask = 2147483647;
			files = (
			);
			runOnlyForDeploymentPostprocessing = 0;
		};
/* End PBXFrameworksBuildPhase section */

/* Begin PBXGroup section */
		2C26BE941BD0BC3F00F577DE = {
			isa = PBXGroup;
			children = (
				2C2D0E441BE794FF0020F29E /* libsqlite3.tbd */,
				2C2963C41BDBDB2D00F0DC42 /* WebKit.framework */,
				2C48F1A01BD75F560055102A /* Default-568h@2x.png */,
				2C26BE9F1BD0BC3F00F577DE /* goo */,
				2C26BEB71BD0BC3F00F577DE /* gooTests */,
				2C26BEC21BD0BC3F00F577DE /* gooUITests */,
				2C26BE9E1BD0BC3F00F577DE /* Products */,
			);
			sourceTree = "<group>";
		};
		2C26BE9E1BD0BC3F00F577DE /* Products */ = {
			isa = PBXGroup;
			children = (
				2C26BE9D1BD0BC3F00F577DE /* goo.app */,
				2C26BEB41BD0BC3F00F577DE /* gooTests.xctest */,
				2C26BEBF1BD0BC3F00F577DE /* gooUITests.xctest */,
			);
			name = Products;
			sourceTree = "<group>";
		};
		2C26BE9F1BD0BC3F00F577DE /* goo */ = {
			isa = PBXGroup;
			children = (
				2C26BEA01BD0BC3F00F577DE /* AppDelegate.swift */,
				2C26BEA21BD0BC3F00F577DE /* ViewController.swift */,
				2C48F1E11BD7766A0055102A /* Tutorial */,
				2C26BEAA1BD0BC3F00F577DE /* Assets.xcassets */,
				2C26BEAF1BD0BC3F00F577DE /* Info.plist */,
				2C26BEA71BD0BC3F00F577DE /* goo.xcdatamodeld */,
				2C48F1E51BD77E3C0055102A /* sample */,
			);
			path = goo;
			sourceTree = "<group>";
		};
		2C26BEB71BD0BC3F00F577DE /* gooTests */ = {
			isa = PBXGroup;
			children = (
				2C26BEB81BD0BC3F00F577DE /* gooTests.swift */,
				2C26BEBA1BD0BC3F00F577DE /* Info.plist */,
			);
			path = gooTests;
			sourceTree = "<group>";
		};
		2C26BEC21BD0BC3F00F577DE /* gooUITests */ = {
			isa = PBXGroup;
			children = (
				2C26BEC31BD0BC3F00F577DE /* gooUITests.swift */,
				2C26BEC51BD0BC3F00F577DE /* Info.plist */,
			);
			path = gooUITests;
			sourceTree = "<group>";
		};
		2C2D0E381BE6CC370020F29E /* Notification */ = {
			isa = PBXGroup;
			children = (
				2C2D0E391BE6CC560020F29E /* NSNotificationCenterViewController.swift */,
			);
			name = Notification;
			sourceTree = "<group>";
		};
		2C2D0E3D1BE6D4600020F29E /* Location */ = {
			isa = PBXGroup;
			children = (
				2C2D0E3B1BE6CF2C0020F29E /* CLLocationManagerViewController.swift */,
			);
			name = Location;
			sourceTree = "<group>";
		};
		2C2D0E3E1BE6D6BC0020F29E /* Image */ = {
			isa = PBXGroup;
			children = (
				2C2D0E3F1BE6D6E60020F29E /* CoreImageViewController.swift */,
			);
			name = Image;
			sourceTree = "<group>";
		};
		2C2D0E411BE6ED8F0020F29E /* SQLite */ = {
			isa = PBXGroup;
			children = (
			);
			name = SQLite;
			sourceTree = "<group>";
		};
		2C48F1E11BD7766A0055102A /* Tutorial */ = {
			isa = PBXGroup;
			children = (
				2CDE63CC1BE094E8008DA6B1 /* iphone6.jpg */,
				2C48F1DF1BD772130055102A /* TutorialViewController.swift */,
			);
			name = Tutorial;
			sourceTree = "<group>";
		};
		2C48F1E51BD77E3C0055102A /* sample */ = {
			isa = PBXGroup;
			children = (
				2C909F501BEC9BE600007B1C /* UTILITY */,
				2C76BFFC1BE9E90E007FA753 /* Notification */,
				2C76BFF71BE9B8A4007FA753 /* Zip */,
				2C76BFF41BE97459007FA753 /* RSS */,
				2C76BFED1BE96F58007FA753 /* UI */,
				2C2D0E411BE6ED8F0020F29E /* SQLite */,
				2C2D0E3E1BE6D6BC0020F29E /* Image */,
				2C2D0E3D1BE6D4600020F29E /* Location */,
				2C2D0E381BE6CC370020F29E /* Notification */,
				2CD4544A1BE35EE400D18DB0 /* File */,
				2CD4543F1BE34E3500D18DB0 /* NSURL */,
				2CD4543A1BE346CB00D18DB0 /* Text */,
				2CB5EAB51BE1EA46007CDF38 /* tabmenu */,
				2C48F1E61BD77E6B0055102A /* SlideViewController.swift */,
				2CDE63DC1BE0BC2C008DA6B1 /* UICollectionViewController.swift */,
				2CDE63DA1BE0B93A008DA6B1 /* CustomTableViewCell.swift */,
				2CDE63D61BE0AB7E008DA6B1 /* UITableViewController.swift */,
				2CDE63D41BE0AAE4008DA6B1 /* UISliderViewController.swift */,
				2CDE63D21BE0A958008DA6B1 /* UISearchBarViewController.swift */,
				2CDE63D01BE0A7A7008DA6B1 /* UIProgressViewController.swift */,
				2C48F1F01BD7C6060055102A /* WebViewController.swift */,
				2C48F1EE1BD7C3320055102A /* LaodingProxy.swift */,
				2C48F1E81BD787CE0055102A /* ZoomViewController.swift */,
				2C48F1EA1BD789E20055102A /* ToolbarViewController.swift */,
				2C48F1EC1BD78E480055102A /* AlertViewController.swift */,
				2C2963C21BDA05D300F0DC42 /* WKWebViewController.swift */,
				2C2963C61BDBE22A00F0DC42 /* DatePickerViewController.swift */,
				2CDE63CE1BE096A7008DA6B1 /* UIPickerViewController.swift */,
				2CB5EABF1BE2072F007CDF38 /* NSTimerViewController.swift */,
				2CB5EAC11BE208CB007CDF38 /* NSThreadViewController.swift */,
				2CD4543D1BE3488200D18DB0 /* NSDataSample.swift */,
				2CD4544D1BE372D300D18DB0 /* NSArrayViewController.swift */,
				2C909F511BEC9C0E00007B1C /* ProcessSpeedCheckUIViewController.swift */,
			);
			name = sample;
			sourceTree = "<group>";
		};
		2C76BFED1BE96F58007FA753 /* UI */ = {
			isa = PBXGroup;
			children = (
				2C76BFEE1BE96FC3007FA753 /* TestUIViewController.swift */,
				2C76BFF01BE97192007FA753 /* AViewController.swift */,
				2C76BFF21BE9720F007FA753 /* BViewController.swift */,
				2C76BFFA1BE9BD80007FA753 /* AutoLayoutViewController.swift */,
			);
			name = UI;
			sourceTree = "<group>";
		};
		2C76BFF41BE97459007FA753 /* RSS */ = {
			isa = PBXGroup;
			children = (
				2C76BFF51BE9A715007FA753 /* RSSViewController.swift */,
			);
			name = RSS;
			sourceTree = "<group>";
		};
		2C76BFF71BE9B8A4007FA753 /* Zip */ = {
			isa = PBXGroup;
			children = (
				2C76BFF81BE9B8BC007FA753 /* ZipViewController.swift */,
			);
			name = Zip;
			sourceTree = "<group>";
		};
		2C76BFFC1BE9E90E007FA753 /* Notification */ = {
			isa = PBXGroup;
			children = (
				2C76BFFD1BE9E937007FA753 /* LocalNotificationViewController.swift */,
			);
			name = Notification;
			sourceTree = "<group>";
		};
		2C909F501BEC9BE600007B1C /* UTILITY */ = {
			isa = PBXGroup;
			children = (
				2C909F531BEC9C9A00007B1C /* ProcessSpeedCheck.swift */,
				2C909F551BEC9D6C00007B1C /* NSUserDefaultUtil.swift */,
			);
			name = UTILITY;
			sourceTree = "<group>";
		};
		2CB5EAB51BE1EA46007CDF38 /* tabmenu */ = {
			isa = PBXGroup;
			children = (
				2CB5EAB61BE1EA6C007CDF38 /* MainTabViewController.swift */,
				2CB5EAB81BE1EA9D007CDF38 /* FirstViewController.swift */,
				2CB5EABB1BE1EAB4007CDF38 /* SecondViewController.swift */,
				2CB5EABD1BE1F84E007CDF38 /* UITabBarViewController.swift */,
			);
			name = tabmenu;
			sourceTree = "<group>";
		};
		2CD4543A1BE346CB00D18DB0 /* Text */ = {
			isa = PBXGroup;
			children = (
				2CD4543B1BE346FB00D18DB0 /* MyTextView.swift */,
			);
			name = Text;
			sourceTree = "<group>";
		};
		2CD4543F1BE34E3500D18DB0 /* NSURL */ = {
			isa = PBXGroup;
			children = (
				2CD454401BE34E5100D18DB0 /* NSURLViewController.swift */,
				2CD454421BE3502400D18DB0 /* NSURLConnectionViewController.swift */,
				2CD454441BE3563900D18DB0 /* NSURLConnectPostViewController.swift */,
				2CD454461BE357A800D18DB0 /* NSURLJSONPOST.swift */,
				2CD454481BE35D9300D18DB0 /* NSURLSessionViewController.swift */,
			);
			name = NSURL;
			sourceTree = "<group>";
		};
		2CD4544A1BE35EE400D18DB0 /* File */ = {
			isa = PBXGroup;
			children = (
				2CD4544B1BE35EF500D18DB0 /* NSFileManagerViewController.swift */,
			);
			name = File;
			sourceTree = "<group>";
		};
/* End PBXGroup section */

/* Begin PBXNativeTarget section */
		2C26BE9C1BD0BC3F00F577DE /* goo */ = {
			isa = PBXNativeTarget;
			buildConfigurationList = 2C26BEC81BD0BC3F00F577DE /* Build configuration list for PBXNativeTarget "goo" */;
			buildPhases = (
				2C26BE991BD0BC3F00F577DE /* Sources */,
				2C26BE9A1BD0BC3F00F577DE /* Frameworks */,
				2C26BE9B1BD0BC3F00F577DE /* Resources */,
			);
			buildRules = (
			);
			dependencies = (
			);
			name = goo;
			productName = goo;
			productReference = 2C26BE9D1BD0BC3F00F577DE /* goo.app */;
			productType = "com.apple.product-type.application";
		};
		2C26BEB31BD0BC3F00F577DE /* gooTests */ = {
			isa = PBXNativeTarget;
			buildConfigurationList = 2C26BECB1BD0BC3F00F577DE /* Build configuration list for PBXNativeTarget "gooTests" */;
			buildPhases = (
				2C26BEB01BD0BC3F00F577DE /* Sources */,
				2C26BEB11BD0BC3F00F577DE /* Frameworks */,
				2C26BEB21BD0BC3F00F577DE /* Resources */,
			);
			buildRules = (
			);
			dependencies = (
				2C26BEB61BD0BC3F00F577DE /* PBXTargetDependency */,
			);
			name = gooTests;
			productName = gooTests;
			productReference = 2C26BEB41BD0BC3F00F577DE /* gooTests.xctest */;
			productType = "com.apple.product-type.bundle.unit-test";
		};
		2C26BEBE1BD0BC3F00F577DE /* gooUITests */ = {
			isa = PBXNativeTarget;
			buildConfigurationList = 2C26BECE1BD0BC3F00F577DE /* Build configuration list for PBXNativeTarget "gooUITests" */;
			buildPhases = (
				2C26BEBB1BD0BC3F00F577DE /* Sources */,
				2C26BEBC1BD0BC3F00F577DE /* Frameworks */,
				2C26BEBD1BD0BC3F00F577DE /* Resources */,
			);
			buildRules = (
			);
			dependencies = (
				2C26BEC11BD0BC3F00F577DE /* PBXTargetDependency */,
			);
			name = gooUITests;
			productName = gooUITests;
			productReference = 2C26BEBF1BD0BC3F00F577DE /* gooUITests.xctest */;
			productType = "com.apple.product-type.bundle.ui-testing";
		};
/* End PBXNativeTarget section */

/* Begin PBXProject section */
		2C26BE951BD0BC3F00F577DE /* Project object */ = {
			isa = PBXProject;
			attributes = {
				LastUpgradeCheck = 0700;
				ORGANIZATIONNAME = TomohikoSaito;
				TargetAttributes = {
					2C26BE9C1BD0BC3F00F577DE = {
						CreatedOnToolsVersion = 7.0.1;
						DevelopmentTeam = QCT6H2SS5N;
					};
					2C26BEB31BD0BC3F00F577DE = {
						CreatedOnToolsVersion = 7.0.1;
						TestTargetID = 2C26BE9C1BD0BC3F00F577DE;
					};
					2C26BEBE1BD0BC3F00F577DE = {
						CreatedOnToolsVersion = 7.0.1;
						TestTargetID = 2C26BE9C1BD0BC3F00F577DE;
					};
				};
			};
			buildConfigurationList = 2C26BE981BD0BC3F00F577DE /* Build configuration list for PBXProject "goo" */;
			compatibilityVersion = "Xcode 3.2";
			developmentRegion = English;
			hasScannedForEncodings = 0;
			knownRegions = (
				en,
				Base,
			);
			mainGroup = 2C26BE941BD0BC3F00F577DE;
			productRefGroup = 2C26BE9E1BD0BC3F00F577DE /* Products */;
			projectDirPath = "";
			projectRoot = "";
			targets = (
				2C26BE9C1BD0BC3F00F577DE /* goo */,
				2C26BEB31BD0BC3F00F577DE /* gooTests */,
				2C26BEBE1BD0BC3F00F577DE /* gooUITests */,
			);
		};
/* End PBXProject section */

/* Begin PBXResourcesBuildPhase section */
		2C26BE9B1BD0BC3F00F577DE /* Resources */ = {
			isa = PBXResourcesBuildPhase;
			buildActionMask = 2147483647;
			files = (
				2C26BEAB1BD0BC3F00F577DE /* Assets.xcassets in Resources */,
				2C48F1A11BD75F560055102A /* Default-568h@2x.png in Resources */,
				2CDE63CD1BE094E8008DA6B1 /* iphone6.jpg in Resources */,
			);
			runOnlyForDeploymentPostprocessing = 0;
		};
		2C26BEB21BD0BC3F00F577DE /* Resources */ = {
			isa = PBXResourcesBuildPhase;
			buildActionMask = 2147483647;
			files = (
			);
			runOnlyForDeploymentPostprocessing = 0;
		};
		2C26BEBD1BD0BC3F00F577DE /* Resources */ = {
			isa = PBXResourcesBuildPhase;
			buildActionMask = 2147483647;
			files = (
			);
			runOnlyForDeploymentPostprocessing = 0;
		};
/* End PBXResourcesBuildPhase section */

/* Begin PBXSourcesBuildPhase section */
		2C26BE991BD0BC3F00F577DE /* Sources */ = {
			isa = PBXSourcesBuildPhase;
			buildActionMask = 2147483647;
			files = (
				2CB5EABC1BE1EAB4007CDF38 /* SecondViewController.swift in Sources */,
				2CDE63DB1BE0B93A008DA6B1 /* CustomTableViewCell.swift in Sources */,
				2CDE63D31BE0A958008DA6B1 /* UISearchBarViewController.swift in Sources */,
				2C26BEA91BD0BC3F00F577DE /* goo.xcdatamodeld in Sources */,
				2CD454491BE35D9300D18DB0 /* NSURLSessionViewController.swift in Sources */,
				2C76BFFE1BE9E937007FA753 /* LocalNotificationViewController.swift in Sources */,
				2CB5EAC21BE208CB007CDF38 /* NSThreadViewController.swift in Sources */,
				2C2D0E3C1BE6CF2C0020F29E /* CLLocationManagerViewController.swift in Sources */,
				2C48F1E91BD787CE0055102A /* ZoomViewController.swift in Sources */,
				2CDE63DD1BE0BC2C008DA6B1 /* UICollectionViewController.swift in Sources */,
				2CB5EAB71BE1EA6C007CDF38 /* MainTabViewController.swift in Sources */,
				2CB5EAB91BE1EA9D007CDF38 /* FirstViewController.swift in Sources */,
				2CD454431BE3502400D18DB0 /* NSURLConnectionViewController.swift in Sources */,
				2C48F1EB1BD789E20055102A /* ToolbarViewController.swift in Sources */,
				2CDE63D11BE0A7A7008DA6B1 /* UIProgressViewController.swift in Sources */,
				2CB5EAC01BE2072F007CDF38 /* NSTimerViewController.swift in Sources */,
				2C48F1F11BD7C6060055102A /* WebViewController.swift in Sources */,
				2CD4544C1BE35EF500D18DB0 /* NSFileManagerViewController.swift in Sources */,
				2CD4543E1BE3488200D18DB0 /* NSDataSample.swift in Sources */,
				2C76BFF61BE9A715007FA753 /* RSSViewController.swift in Sources */,
				2C48F1ED1BD78E480055102A /* AlertViewController.swift in Sources */,
				2CD454411BE34E5100D18DB0 /* NSURLViewController.swift in Sources */,
				2C2D0E401BE6D6E60020F29E /* CoreImageViewController.swift in Sources */,
				2CDE63D51BE0AAE4008DA6B1 /* UISliderViewController.swift in Sources */,
				2C48F1EF1BD7C3320055102A /* LaodingProxy.swift in Sources */,
				2CDE63CF1BE096A8008DA6B1 /* UIPickerViewController.swift in Sources */,
				2CB5EABE1BE1F84E007CDF38 /* UITabBarViewController.swift in Sources */,
				2C76BFF11BE97192007FA753 /* AViewController.swift in Sources */,
				2C48F1E71BD77E6B0055102A /* SlideViewController.swift in Sources */,
				2CD454451BE3563900D18DB0 /* NSURLConnectPostViewController.swift in Sources */,
				2CD4543C1BE346FB00D18DB0 /* MyTextView.swift in Sources */,
				2C76BFFB1BE9BD80007FA753 /* AutoLayoutViewController.swift in Sources */,
				2C2D0E3A1BE6CC560020F29E /* NSNotificationCenterViewController.swift in Sources */,
				2C26BEA31BD0BC3F00F577DE /* ViewController.swift in Sources */,
				2CD4544E1BE372D300D18DB0 /* NSArrayViewController.swift in Sources */,
				2C2963C71BDBE22A00F0DC42 /* DatePickerViewController.swift in Sources */,
				2C76BFF91BE9B8BC007FA753 /* ZipViewController.swift in Sources */,
				2C76BFF31BE9720F007FA753 /* BViewController.swift in Sources */,
				2C909F541BEC9C9A00007B1C /* ProcessSpeedCheck.swift in Sources */,
				2C909F561BEC9D6C00007B1C /* NSUserDefaultUtil.swift in Sources */,
				2C909F521BEC9C0E00007B1C /* ProcessSpeedCheckUIViewController.swift in Sources */,
				2CDE63D71BE0AB7E008DA6B1 /* UITableViewController.swift in Sources */,
				2C48F1E01BD772130055102A /* TutorialViewController.swift in Sources */,
				2C26BEA11BD0BC3F00F577DE /* AppDelegate.swift in Sources */,
				2CD454471BE357A800D18DB0 /* NSURLJSONPOST.swift in Sources */,
				2C2963C31BDA05D300F0DC42 /* WKWebViewController.swift in Sources */,
				2C76BFEF1BE96FC3007FA753 /* TestUIViewController.swift in Sources */,
			);
			runOnlyForDeploymentPostprocessing = 0;
		};
		2C26BEB01BD0BC3F00F577DE /* Sources */ = {
			isa = PBXSourcesBuildPhase;
			buildActionMask = 2147483647;
			files = (
				2C26BEB91BD0BC3F00F577DE /* gooTests.swift in Sources */,
			);
			runOnlyForDeploymentPostprocessing = 0;
		};
		2C26BEBB1BD0BC3F00F577DE /* Sources */ = {
			isa = PBXSourcesBuildPhase;
			buildActionMask = 2147483647;
			files = (
				2C26BEC41BD0BC3F00F577DE /* gooUITests.swift in Sources */,
			);
			runOnlyForDeploymentPostprocessing = 0;
		};
/* End PBXSourcesBuildPhase section */

/* Begin PBXTargetDependency section */
		2C26BEB61BD0BC3F00F577DE /* PBXTargetDependency */ = {
			isa = PBXTargetDependency;
			target = 2C26BE9C1BD0BC3F00F577DE /* goo */;
			targetProxy = 2C26BEB51BD0BC3F00F577DE /* PBXContainerItemProxy */;
		};
		2C26BEC11BD0BC3F00F577DE /* PBXTargetDependency */ = {
			isa = PBXTargetDependency;
			target = 2C26BE9C1BD0BC3F00F577DE /* goo */;
			targetProxy = 2C26BEC01BD0BC3F00F577DE /* PBXContainerItemProxy */;
		};
/* End PBXTargetDependency section */

/* Begin XCBuildConfiguration section */
		2C26BEC61BD0BC3F00F577DE /* Debug */ = {
			isa = XCBuildConfiguration;
			buildSettings = {
				ALWAYS_SEARCH_USER_PATHS = NO;
				CLANG_CXX_LANGUAGE_STANDARD = "gnu++0x";
				CLANG_CXX_LIBRARY = "libc++";
				CLANG_ENABLE_MODULES = YES;
				CLANG_ENABLE_OBJC_ARC = YES;
				CLANG_WARN_BOOL_CONVERSION = YES;
				CLANG_WARN_CONSTANT_CONVERSION = YES;
				CLANG_WARN_DIRECT_OBJC_ISA_USAGE = YES_ERROR;
				CLANG_WARN_EMPTY_BODY = YES;
				CLANG_WARN_ENUM_CONVERSION = YES;
				CLANG_WARN_INT_CONVERSION = YES;
				CLANG_WARN_OBJC_ROOT_CLASS = YES_ERROR;
				CLANG_WARN_UNREACHABLE_CODE = YES;
				CLANG_WARN__DUPLICATE_METHOD_MATCH = YES;
				"CODE_SIGN_IDENTITY[sdk=iphoneos*]" = "iPhone Developer";
				COPY_PHASE_STRIP = NO;
				DEBUG_INFORMATION_FORMAT = dwarf;
				ENABLE_STRICT_OBJC_MSGSEND = YES;
				ENABLE_TESTABILITY = YES;
				GCC_C_LANGUAGE_STANDARD = gnu99;
				GCC_DYNAMIC_NO_PIC = NO;
				GCC_NO_COMMON_BLOCKS = YES;
				GCC_OPTIMIZATION_LEVEL = 0;
				GCC_PREPROCESSOR_DEFINITIONS = (
					"DEBUG=1",
					"$(inherited)",
				);
				GCC_WARN_64_TO_32_BIT_CONVERSION = YES;
				GCC_WARN_ABOUT_RETURN_TYPE = YES_ERROR;
				GCC_WARN_UNDECLARED_SELECTOR = YES;
				GCC_WARN_UNINITIALIZED_AUTOS = YES_AGGRESSIVE;
				GCC_WARN_UNUSED_FUNCTION = YES;
				GCC_WARN_UNUSED_VARIABLE = YES;
				IPHONEOS_DEPLOYMENT_TARGET = 9.0;
				MTL_ENABLE_DEBUG_INFO = YES;
				ONLY_ACTIVE_ARCH = YES;
				SDKROOT = iphoneos;
				SWIFT_OPTIMIZATION_LEVEL = "-Onone";
			};
			name = Debug;
		};
		2C26BEC71BD0BC3F00F577DE /* Release */ = {
			isa = XCBuildConfiguration;
			buildSettings = {
				ALWAYS_SEARCH_USER_PATHS = NO;
				CLANG_CXX_LANGUAGE_STANDARD = "gnu++0x";
				CLANG_CXX_LIBRARY = "libc++";
				CLANG_ENABLE_MODULES = YES;
				CLANG_ENABLE_OBJC_ARC = YES;
				CLANG_WARN_BOOL_CONVERSION = YES;
				CLANG_WARN_CONSTANT_CONVERSION = YES;
				CLANG_WARN_DIRECT_OBJC_ISA_USAGE = YES_ERROR;
				CLANG_WARN_EMPTY_BODY = YES;
				CLANG_WARN_ENUM_CONVERSION = YES;
				CLANG_WARN_INT_CONVERSION = YES;
				CLANG_WARN_OBJC_ROOT_CLASS = YES_ERROR;
				CLANG_WARN_UNREACHABLE_CODE = YES;
				CLANG_WARN__DUPLICATE_METHOD_MATCH = YES;
				"CODE_SIGN_IDENTITY[sdk=iphoneos*]" = "iPhone Developer";
				COPY_PHASE_STRIP = NO;
				DEBUG_INFORMATION_FORMAT = "dwarf-with-dsym";
				ENABLE_NS_ASSERTIONS = NO;
				ENABLE_STRICT_OBJC_MSGSEND = YES;
				GCC_C_LANGUAGE_STANDARD = gnu99;
				GCC_NO_COMMON_BLOCKS = YES;
				GCC_WARN_64_TO_32_BIT_CONVERSION = YES;
				GCC_WARN_ABOUT_RETURN_TYPE = YES_ERROR;
				GCC_WARN_UNDECLARED_SELECTOR = YES;
				GCC_WARN_UNINITIALIZED_AUTOS = YES_AGGRESSIVE;
				GCC_WARN_UNUSED_FUNCTION = YES;
				GCC_WARN_UNUSED_VARIABLE = YES;
				IPHONEOS_DEPLOYMENT_TARGET = 9.0;
				MTL_ENABLE_DEBUG_INFO = NO;
				SDKROOT = iphoneos;
				VALIDATE_PRODUCT = YES;
			};
			name = Release;
		};
		2C26BEC91BD0BC3F00F577DE /* Debug */ = {
			isa = XCBuildConfiguration;
			buildSettings = {
				ASSETCATALOG_COMPILER_APPICON_NAME = AppIcon;
				CODE_SIGN_IDENTITY = "iPhone Developer";
				"CODE_SIGN_IDENTITY[sdk=iphoneos*]" = "iPhone Developer";
				INFOPLIST_FILE = goo/Info.plist;
				LD_RUNPATH_SEARCH_PATHS = "$(inherited) @executable_path/Frameworks";
				PRODUCT_BUNDLE_IDENTIFIER = to.goo.goo;
				PRODUCT_NAME = "$(TARGET_NAME)";
				PROVISIONING_PROFILE = "";
			};
			name = Debug;
		};
		2C26BECA1BD0BC3F00F577DE /* Release */ = {
			isa = XCBuildConfiguration;
			buildSettings = {
				ASSETCATALOG_COMPILER_APPICON_NAME = AppIcon;
				CODE_SIGN_IDENTITY = "iPhone Developer";
				"CODE_SIGN_IDENTITY[sdk=iphoneos*]" = "iPhone Developer";
				INFOPLIST_FILE = goo/Info.plist;
				LD_RUNPATH_SEARCH_PATHS = "$(inherited) @executable_path/Frameworks";
				PRODUCT_BUNDLE_IDENTIFIER = to.goo.goo;
				PRODUCT_NAME = "$(TARGET_NAME)";
				PROVISIONING_PROFILE = "";
			};
			name = Release;
		};
		2C26BECC1BD0BC3F00F577DE /* Debug */ = {
			isa = XCBuildConfiguration;
			buildSettings = {
				BUNDLE_LOADER = "$(TEST_HOST)";
				INFOPLIST_FILE = gooTests/Info.plist;
				LD_RUNPATH_SEARCH_PATHS = "$(inherited) @executable_path/Frameworks @loader_path/Frameworks";
				PRODUCT_BUNDLE_IDENTIFIER = to.goo.gooTests;
				PRODUCT_NAME = "$(TARGET_NAME)";
				TEST_HOST = "$(BUILT_PRODUCTS_DIR)/goo.app/goo";
			};
			name = Debug;
		};
		2C26BECD1BD0BC3F00F577DE /* Release */ = {
			isa = XCBuildConfiguration;
			buildSettings = {
				BUNDLE_LOADER = "$(TEST_HOST)";
				INFOPLIST_FILE = gooTests/Info.plist;
				LD_RUNPATH_SEARCH_PATHS = "$(inherited) @executable_path/Frameworks @loader_path/Frameworks";
				PRODUCT_BUNDLE_IDENTIFIER = to.goo.gooTests;
				PRODUCT_NAME = "$(TARGET_NAME)";
				TEST_HOST = "$(BUILT_PRODUCTS_DIR)/goo.app/goo";
			};
			name = Release;
		};
		2C26BECF1BD0BC3F00F577DE /* Debug */ = {
			isa = XCBuildConfiguration;
			buildSettings = {
				INFOPLIST_FILE = gooUITests/Info.plist;
				LD_RUNPATH_SEARCH_PATHS = "$(inherited) @executable_path/Frameworks @loader_path/Frameworks";
				PRODUCT_BUNDLE_IDENTIFIER = to.goo.gooUITests;
				PRODUCT_NAME = "$(TARGET_NAME)";
				TEST_TARGET_NAME = goo;
				USES_XCTRUNNER = YES;
			};
			name = Debug;
		};
		2C26BED01BD0BC3F00F577DE /* Release */ = {
			isa = XCBuildConfiguration;
			buildSettings = {
				INFOPLIST_FILE = gooUITests/Info.plist;
				LD_RUNPATH_SEARCH_PATHS = "$(inherited) @executable_path/Frameworks @loader_path/Frameworks";
				PRODUCT_BUNDLE_IDENTIFIER = to.goo.gooUITests;
				PRODUCT_NAME = "$(TARGET_NAME)";
				TEST_TARGET_NAME = goo;
				USES_XCTRUNNER = YES;
			};
			name = Release;
		};
/* End XCBuildConfiguration section */

/* Begin XCConfigurationList section */
		2C26BE981BD0BC3F00F577DE /* Build configuration list for PBXProject "goo" */ = {
			isa = XCConfigurationList;
			buildConfigurations = (
				2C26BEC61BD0BC3F00F577DE /* Debug */,
				2C26BEC71BD0BC3F00F577DE /* Release */,
			);
			defaultConfigurationIsVisible = 0;
			defaultConfigurationName = Release;
		};
		2C26BEC81BD0BC3F00F577DE /* Build configuration list for PBXNativeTarget "goo" */ = {
			isa = XCConfigurationList;
			buildConfigurations = (
				2C26BEC91BD0BC3F00F577DE /* Debug */,
				2C26BECA1BD0BC3F00F577DE /* Release */,
			);
			defaultConfigurationIsVisible = 0;
			defaultConfigurationName = Release;
		};
		2C26BECB1BD0BC3F00F577DE /* Build configuration list for PBXNativeTarget "gooTests" */ = {
			isa = XCConfigurationList;
			buildConfigurations = (
				2C26BECC1BD0BC3F00F577DE /* Debug */,
				2C26BECD1BD0BC3F00F577DE /* Release */,
			);
			defaultConfigurationIsVisible = 0;
			defaultConfigurationName = Release;
		};
		2C26BECE1BD0BC3F00F577DE /* Build configuration list for PBXNativeTarget "gooUITests" */ = {
			isa = XCConfigurationList;
			buildConfigurations = (
				2C26BECF1BD0BC3F00F577DE /* Debug */,
				2C26BED01BD0BC3F00F577DE /* Release */,
			);
			defaultConfigurationIsVisible = 0;
			defaultConfigurationName = Release;
		};
/* End XCConfigurationList section */

/* Begin XCVersionGroup section */
		2C26BEA71BD0BC3F00F577DE /* goo.xcdatamodeld */ = {
			isa = XCVersionGroup;
			children = (
				2C26BEA81BD0BC3F00F577DE /* goo.xcdatamodel */,
			);
			currentVersion = 2C26BEA81BD0BC3F00F577DE /* goo.xcdatamodel */;
			path = goo.xcdatamodeld;
			sourceTree = "<group>";
			versionGroupType = wrapper.xcdatamodel;
		};
/* End XCVersionGroup section */
	};
	rootObject = 2C26BE951BD0BC3F00F577DE /* Project object */;
}
